{
  "name": "@jadeit/forge-ai",
  "version": "1.2.1",
  "lockfileVersion": 3,
  "requires": true,
  "packages": {
    "": {
      "name": "@jadeit/forge-ai",
      "version": "1.2.1",
      "license": "MIT",
      "dependencies": {
        "@opencode-ai/plugin": "^1.3.0"
      },
      "devDependencies": {
        "bun-types": "^1.0.0",
        "typescript": "^5.0.0"
      }
    },
    "node_modules/@opencode-ai/plugin": {
      "version": "1.3.0",
      "license": "MIT",
      "dependencies": {
        "@opencode-ai/sdk": "1.3.0",
        "zod": "4.1.8"
      }
    },
    "node_modules/@opencode-ai/sdk": {
      "version": "1.3.0",
      "license": "MIT"
    },
    "node_modules/@types/node": {
      "version": "25.5.0",
      "dev": true,
      "license": "MIT",
      "dependencies": {
        "undici-types": "~7.18.0"
      }
    },
    "node_modules/bun-types": {
      "version": "1.3.11",
      "dev": true,
      "license": "MIT",
      "dependencies": {
        "@types/node": "*"
      }
    },
    "node_modules/typescript": {
      "version": "5.9.3",
      "dev": true,
      "license": "Apache-2.0",
      "bin": {
        "tsc": "bin/tsc",
        "tsserver": "bin/tsserver"
      },
      "engines": {
        "node": ">=14.17"
      }
    },
    "node_modules/undici-types": {
      "version": "7.18.2",
      "dev": true,
      "license": "MIT"
    },
    "node_modules/zod": {
      "version": "4.1.8",
      "license": "MIT",
      "funding": {
        "url": "https://github.com/sponsors/colinhacks"
      }
    }
  }
}
